{
  "nodes": {
    "leaf": {
      "locked": { "lastModified": 100, "narHash": "sha256-AAA", "owner": "orgA", "repo": "leaf", "rev": "aaa111", "type": "github" },
      "original": { "owner": "orgA", "repo": "leaf", "type": "github" }
    },
    "root": { "inputs": { "d1": ["d2"], "d2": ["d3"], "d3": ["d4"], "d4": ["d5"], "d5": ["d6"], "d6": ["d7"], "d7": ["d8"], "d8": ["d9"], "d9": ["d10"], "d10": ["d11"], "d11": ["d12"], "d12": ["d13"], "d13": ["d14"], "d14": ["d15"], "d15": ["d16"], "d16": ["d17"], "d17": ["d18"], "d18": ["d19"], "d19": ["d20"], "d20": ["d21"], "d21": ["d22"], "d22": ["d23"], "d23": ["d24"], "d24": ["d25"], "d25": ["d26"], "d26": ["d27"], "d27": ["d28"], "d28": ["d29"], "d29": ["d30"], "d30": ["d31"], "d31": ["d32"], "d32": ["d33"], "d33": "leaf" } }
  },
  "root": "root",
  "version": 7
}
