{
  "nodes": {
    "alpha": {
      "locked": { "lastModified": 999, "narHash": "sha256-AZZ", "owner": "orgA", "repo": "alpha", "rev": "aaa999aaa999aaa999aaa999aaa999aaa999aaa9", "type": "github" },
      "original": { "owner": "orgA", "ref": "main", "repo": "alpha", "type": "github" }
    },
    "beta": {
      "inputs": { "gamma": "gamma" },
      "locked": { "lastModified": 200, "narHash": "sha256-BBB", "owner": "orgB", "repo": "beta", "rev": "bbb222bbb222bbb222bbb222bbb222bbb222bbb2", "type": "github" },
      "original": { "owner": "orgB", "ref": "main", "repo": "beta", "type": "github" }
    },
    "gamma": {
      "locked": { "lastModified": 300, "narHash": "sha256-CCC", "owner": "orgC", "repo": "gamma", "rev": "ccc333ccc333ccc333ccc333ccc333ccc333ccc3", "type": "github" },
      "original": { "owner": "orgC", "repo": "gamma", "type": "github" }
    },
    "root": { "inputs": { "alpha": "alpha", "beta": "beta" } }
  },
  "root": "root",
  "version": 7
}
