{
  "nodes": {
    "alpha": {
      "locked": { "lastModified": 101, "narHash": "sha256-AAB", "owner": "orgA", "repo": "alpha", "rev": "aaa222aaa222aaa222aaa222aaa222aaa222aaa2", "type": "github" },
      "original": { "owner": "orgA", "ref": "main", "repo": "alpha", "type": "github" }
    },
    "gamma": {
      "locked": { "lastModified": 300, "narHash": "sha256-CCC", "owner": "orgC", "repo": "gamma", "rev": "ccc333ccc333ccc333ccc333ccc333ccc333ccc3", "type": "github" },
      "original": { "owner": "orgC", "repo": "gamma", "type": "github" }
    },
    "mirror": {
      "locked": { "lastModified": 101, "narHash": "sha256-AAB", "owner": "orgA", "repo": "alpha", "rev": "aaa222aaa222aaa222aaa222aaa222aaa222aaa2", "type": "github" },
      "original": { "owner": "orgA", "ref": "main", "repo": "alpha", "type": "github" }
    },
    "root": { "inputs": { "alpha": "alpha", "beta": ["alpha"], "gamma": "gamma", "mirror": "mirror" } }
  },
  "root": "root",
  "version": 7
}
