{
  "nodes": {
    "alpha": {
      "locked": {
        "lastModified": 100,
        "narHash": "sha256-AAA",
        "owner": "orgA",
        "repo": "alpha",
        "rev": "aaa111",
        "type": "github"
      },
      "original": {
        "owner": "orgA",
        "ref": "next",
        "repo": "alpha",
        "type": "github"
      }
    },
    "beta": {
      "inputs": {
        "gamma": "gamma"
      },
      "locked": {
        "lastModified": 200,
        "narHash": "sha256-BBB",
        "owner": "orgB",
        "repo": "beta",
        "rev": "bbb222",
        "type": "github"
      },
      "original": {
        "owner": "orgB",
        "ref": "main",
        "repo": "beta",
        "type": "github"
      }
    },
    "gamma": {
      "locked": {
        "lastModified": 300,
        "narHash": "sha256-CCC",
        "owner": "orgC",
        "repo": "gamma",
        "rev": "ccc333",
        "type": "github"
      },
      "original": {
        "owner": "orgC",
        "repo": "gamma-fork",
        "type": "github"
      }
    },
    "root": {
      "inputs": {
        "alpha": "alpha",
        "beta": "beta"
      }
    }
  },
  "root": "root",
  "version": 7
}
